# This file is automatically @generated by Poetry 1.6.1 and should not be changed by hand.

[[package]]
name = "altgraph"
version = "0.17.4"
description = "Python graph (network) package"
optional = false
python-versions = "*"
files = [
    {file = "altgraph-0.17.4-py2.py3-none-any.whl", hash = "sha256:642743b4750de17e655e6711601b077bc6598dbfa3ba5fa2b2a35ce12b508dff"},
    {file = "altgraph-0.17.4.tar.gz", hash = "sha256:1b5afbb98f6c4dcadb2e2ae6ab9fa994bbb8c1d75f4fa96d340f9437ae454406"},
]

[[package]]
name = "av"
version = "12.0.0"
description = "Pythonic bindings for FFmpeg's libraries."
optional = true
python-versions = ">=3.8"
files = [
    {file = "av-12.0.0-cp310-cp310-macosx_10_9_x86_64.whl", hash = "sha256:b9d0890553951f76c479a9f2bb952aebae902b1c7d52feea614d37e1cd728a44"},
    {file = "av-12.0.0-cp310-cp310-macosx_11_0_arm64.whl", hash = "sha256:5d7f229a253c2e3fea9682c09c5ae179bd6d5d2da38d89eb7f29ef7bed10cb2f"},
    {file = "av-12.0.0-cp310-cp310-manylinux_2_17_aarch64.manylinux2014_aarch64.whl", hash = "sha256:61b3555d143aacf02e0446f6030319403538eba4dc713c18dfa653a2a23e7f9c"},
    {file = "av-12.0.0-cp310-cp310-manylinux_2_17_i686.manylinux2014_i686.whl", hash = "sha256:607e13b2c2b26159a37525d7b6f647a32ce78711fccff23d146d3e255ffa115f"},
    {file = "av-12.0.0-cp310-cp310-manylinux_2_17_x86_64.manylinux2014_x86_64.whl", hash = "sha256:39f0b4cfb89f4f06b339c766f92648e798a96747d4163f2fa78660d1ab1f1b5e"},
    {file = "av-12.0.0-cp310-cp310-win_amd64.whl", hash = "sha256:41dcb8c269fa58a56edf3a3c814c32a0c69586827f132b4e395a951b0ce14fad"},
    {file = "av-12.0.0-cp311-cp311-macosx_10_9_x86_64.whl", hash = "sha256:4fa78fbe0e4469226512380180063116105048c66cb12e18ab4b518466c57e6c"},
    {file = "av-12.0.0-cp311-cp311-macosx_11_0_arm64.whl", hash = "sha256:60a869be1d6af916e65ea461cb93922f5db0698655ed7a7eae7c3ecd4af4debb"},
    {file = "av-12.0.0-cp311-cp311-manylinux_2_17_aarch64.manylinux2014_aarch64.whl", hash = "sha256:df61811cc551c186f0a0e530d97b8b139453534d0f92c1790a923f666522ceda"},
    {file = "av-12.0.0-cp311-cp311-manylinux_2_17_i686.manylinux2014_i686.whl", hash = "sha256:99cd2fc53091ebfb9a2fa9dd3580267f5bd1c040d0efd99fbc1a162576b271cb"},
    {file = "av-12.0.0-cp311-cp311-manylinux_2_17_x86_64.manylinux2014_x86_64.whl", hash = "sha256:7a6d4f1e261df48932128e6495772faa4cc23f5dd1512eec73daab82ad9f3240"},
    {file = "av-12.0.0-cp311-cp311-win_amd64.whl", hash = "sha256:6aec88e41a498b1e01e2dce5371557e20f9a51aae0c16decc5924ec0be2e22b6"},
    {file = "av-12.0.0-cp312-cp312-macosx_10_9_x86_64.whl", hash = "sha256:90eb8f2d548e96cbc6f78e89c911cdb15a3d80fd944f31111660ce45939cd037"},
    {file = "av-12.0.0-cp312-cp312-macosx_11_0_arm64.whl", hash = "sha256:d7f3a02910e77d750dbd516256a16db15030e5371530ff5a5ae902dc03d9005d"},
    {file = "av-12.0.0-cp312-cp312-manylinux_2_17_aarch64.manylinux2014_aarch64.whl", hash = "sha256:e2477cc51526aa50575313d66e5e8ad7ab944588469be5e557b360ed572ae536"},
    {file = "av-12.0.0-cp312-cp312-manylinux_2_17_i686.manylinux2014_i686.whl", hash = "sha256:a2f47149d3ca6deb79f3e515b8bef50e27ebdb160813e6d67dba77278d2a7883"},
    {file = "av-12.0.0-cp312-cp312-manylinux_2_17_x86_64.manylinux2014_x86_64.whl", hash = "sha256:3306e4a3ce8b5bfcc3075793d4ed3a2df69179d8fba22cb944a6164dc235dfb6"},
    {file = "av-12.0.0-cp312-cp312-win_amd64.whl", hash = "sha256:dc1b742e7f6df1b499fb960bd6697d1dd8e7ada7484a041a8c20e70a87225f53"},
    {file = "av-12.0.0-cp38-cp38-macosx_10_9_x86_64.whl", hash = "sha256:0183be6889e835e1b074b4037bfce4fd44671c606cf1c4ab92ea2f271b544aec"},
    {file = "av-12.0.0-cp38-cp38-macosx_11_0_arm64.whl", hash = "sha256:57337f20b208292ec8d3b11e4d289d8688a43d728174850a81b865d3253fff2c"},
    {file = "av-12.0.0-cp38-cp38-manylinux_2_17_aarch64.manylinux2014_aarch64.whl", hash = "sha256:0ec915e8f6521545a38566eefc281042ee504ea3cee0618d8558e4920588b3b2"},
    {file = "av-12.0.0-cp38-cp38-manylinux_2_17_i686.manylinux2014_i686.whl", hash = "sha256:33ad5c0a23c45b72bd6bd47f3b2c1adcd2935ee3d0b6178ed66bba62b964ff31"},
    {file = "av-12.0.0-cp38-cp38-manylinux_2_17_x86_64.manylinux2014_x86_64.whl", hash = "sha256:bfc3a652b12c93120514d56cf025da47442c5ba51530cdf7ba3660257dbb0de1"},
    {file = "av-12.0.0-cp38-cp38-win_amd64.whl", hash = "sha256:037f793dd1ef4a1f57f090191a7f803ad10ec82da0d04ea26bbe0b8a145fe927"},
    {file = "av-12.0.0-cp39-cp39-macosx_10_9_x86_64.whl", hash = "sha256:fc532376aa264722fae55063abd1871d17a563dc895978e142c8ecfcdeb3a2e8"},
    {file = "av-12.0.0-cp39-cp39-macosx_11_0_arm64.whl", hash = "sha256:abf0c4bc40a0af8a30f4cd96f3be6f19fbce0f21222d7fcec148e085127153f7"},
    {file = "av-12.0.0-cp39-cp39-manylinux_2_17_aarch64.manylinux2014_aarch64.whl", hash = "sha256:81cedd1c072fbebf606724c406b1a1b00adc711f1dfd2bc04c633ce39d8439d8"},
    {file = "av-12.0.0-cp39-cp39-manylinux_2_17_i686.manylinux2014_i686.whl", hash = "sha256:02d60f48be9f15dcda37d50f3ce8d7249d9a455643d4322dd3449986bacfc628"},
    {file = "av-12.0.0-cp39-cp39-manylinux_2_17_x86_64.manylinux2014_x86_64.whl", hash = "sha256:5d2619e4c26d661eecfc404f7d739d8b35f0dcef353fabe61512e030254b7031"},
    {file = "av-12.0.0-cp39-cp39-win_amd64.whl", hash = "sha256:1892cc91c888d101777d5432d54e0554c11d1c3a2c65d02a2cae0a2256a8fbb9"},
    {file = "av-12.0.0-pp310-pypy310_pp73-macosx_10_9_x86_64.whl", hash = "sha256:4819e3ef6c3a44ef6f75907229133a1ee7f688245b2cf49b6b8e969a81ca72c9"},
    {file = "av-12.0.0-pp310-pypy310_pp73-manylinux_2_17_aarch64.manylinux2014_aarch64.whl", hash = "sha256:bb16bb314cf1503b0250fc46b2c455ee196584231101be0123f4f78638227b62"},
    {file = "av-12.0.0-pp310-pypy310_pp73-manylinux_2_17_i686.manylinux2014_i686.whl", hash = "sha256:f3e6a62bda9a1e144feeb59bbee046d7a2d98399634a30f57e4990197313c158"},
    {file = "av-12.0.0-pp310-pypy310_pp73-manylinux_2_17_x86_64.manylinux2014_x86_64.whl", hash = "sha256:e08175ffbafa3a70c7b2f81083e160e34122a208cdf70f150b8f5d02c2de6965"},
    {file = "av-12.0.0-pp310-pypy310_pp73-win_amd64.whl", hash = "sha256:e1d255be317b7c1ebdc4dae98935b9f3869161112dc829c625e54f90d8bdd7ab"},
    {file = "av-12.0.0-pp38-pypy38_pp73-macosx_10_9_x86_64.whl", hash = "sha256:17964b36e08435910aabd5b3f7dca12f99536902529767d276026bc08f94ced7"},
    {file = "av-12.0.0-pp38-pypy38_pp73-manylinux_2_17_aarch64.manylinux2014_aarch64.whl", hash = "sha256:d2d5f78de29edee06ddcdd4c2b759914575492d6a0cd4de2ce31ee63a4953eff"},
    {file = "av-12.0.0-pp38-pypy38_pp73-manylinux_2_17_i686.manylinux2014_i686.whl", hash = "sha256:309b32bc97158d0f0c19e273b8e17a855a86806b7194aebc23bd497326cff11f"},
    {file = "av-12.0.0-pp38-pypy38_pp73-manylinux_2_17_x86_64.manylinux2014_x86_64.whl", hash = "sha256:c409c71bd9c7c2f8d018c822f36b1447cfa96eca158381a96f3319bb0ff6e79e"},
    {file = "av-12.0.0-pp39-pypy39_pp73-macosx_10_9_x86_64.whl", hash = "sha256:08fc5eaef60a257d622998626e233bf3ff90d2f817f6695d6a27e0ffcfe9dcff"},
    {file = "av-12.0.0-pp39-pypy39_pp73-manylinux_2_17_aarch64.manylinux2014_aarch64.whl", hash = "sha256:746ab0eff8a7a21a6c6d16e6b6e61709527eba2ad1a524d92a01bb60d02a3df7"},
    {file = "av-12.0.0-pp39-pypy39_pp73-manylinux_2_17_i686.manylinux2014_i686.whl", hash = "sha256:013b3ac3de3aa1c137af0cedafd364fd1c7524ab3e1cd53e04564fd1632ac04d"},
    {file = "av-12.0.0-pp39-pypy39_pp73-manylinux_2_17_x86_64.manylinux2014_x86_64.whl", hash = "sha256:0fa55923527648f51ac005e44fe2797ebc67f53ad4850e0194d3753761ee33a2"},
    {file = "av-12.0.0-pp39-pypy39_pp73-win_amd64.whl", hash = "sha256:35d514f4dee0cf67e9e6b2a65fb4a28f98da88e71e8c7f7960bd04625d9fe965"},
    {file = "av-12.0.0.tar.gz", hash = "sha256:bcf21ebb722d4538b4099e5a78f730d78814dd70003511c185941dba5651b14d"},
]

[[package]]
name = "bbpb"
version = "1.3.1"
description = "Library for working with protobuf messages without a protobuf type definition."
optional = true
python-versions = "<4.0,>=3.8"
files = [
    {file = "bbpb-1.3.1-py3-none-any.whl", hash = "sha256:b48b24016e5be5d0f0a6dac2e36ac06d6e1e1de3dd7ef668dc354a3e566bbce9"},
    {file = "bbpb-1.3.1.tar.gz", hash = "sha256:90651b108576e97606aa23da8ae4179fbda997b4208fdd9fae18f3a5e103d631"},
]

[package.dependencies]
six = ">=1.16,<2.0"

[[package]]
name = "blinker"
version = "1.8.2"
description = "Fast, simple object-to-object and broadcast signaling"
optional = true
python-versions = ">=3.8"
files = [
    {file = "blinker-1.8.2-py3-none-any.whl", hash = "sha256:1779309f71bf239144b9399d06ae925637cf6634cf6bd131104184531bf67c01"},
    {file = "blinker-1.8.2.tar.gz", hash = "sha256:8f77b09d3bf7c795e969e9486f39c2c5e9c39d4ee07424be2bc594ece9642d83"},
]

[[package]]
name = "click"
version = "8.1.7"
description = "Composable command line interface toolkit"
optional = true
python-versions = ">=3.7"
files = [
    {file = "click-8.1.7-py3-none-any.whl", hash = "sha256:ae74fb96c20a0277a1d615f1e4d73c8414f5a98db8b799a7931d1582f3390c28"},
    {file = "click-8.1.7.tar.gz", hash = "sha256:ca9853ad459e787e2192211578cc907e7594e294c7ccc834310722b41b9ca6de"},
]

[package.dependencies]
colorama = {version = "*", markers = "platform_system == \"Windows\""}

[[package]]
name = "colorama"
version = "0.4.6"
description = "Cross-platform colored terminal text."
optional = true
python-versions = "!=3.0.*,!=3.1.*,!=3.2.*,!=3.3.*,!=3.4.*,!=3.5.*,!=3.6.*,>=2.7"
files = [
    {file = "colorama-0.4.6-py2.py3-none-any.whl", hash = "sha256:4f1d9991f5acc0ca119f9d443620b77f9d6b33703e51011c16baf57afb285fc6"},
    {file = "colorama-0.4.6.tar.gz", hash = "sha256:08695f5cb7ed6e0531a20572697297273c47b8cae5a63ffc6d6ed5c201be6e44"},
]

[[package]]
name = "flask"
version = "3.0.3"
description = "A simple framework for building complex web applications."
optional = true
python-versions = ">=3.8"
files = [
    {file = "flask-3.0.3-py3-none-any.whl", hash = "sha256:34e815dfaa43340d1d15a5c3a02b8476004037eb4840b34910c6e21679d288f3"},
    {file = "flask-3.0.3.tar.gz", hash = "sha256:ceb27b0af3823ea2737928a4d99d125a06175b8512c445cbd9a9ce200ef76842"},
]

[package.dependencies]
blinker = ">=1.6.2"
click = ">=8.1.3"
itsdangerous = ">=2.1.2"
Jinja2 = ">=3.1.2"
Werkzeug = ">=3.0.0"

[package.extras]
async = ["asgiref (>=3.2)"]
dotenv = ["python-dotenv"]

[[package]]
name = "frida"
version = "16.2.5"
description = "Dynamic instrumentation toolkit for developers, reverse-engineers, and security researchers"
optional = true
python-versions = ">=3.7"
files = [
    {file = "frida-16.2.5-cp37-abi3-macosx_10_13_x86_64.whl", hash = "sha256:2ad75fce6507641b92e9910be81d894631ae7d4b0c61a7cd0f2224edb963e186"},
    {file = "frida-16.2.5-cp37-abi3-macosx_11_0_arm64.whl", hash = "sha256:746286dc3e44c21beec3e7818038ce175df2debd850780343564b27995f78d6c"},
    {file = "frida-16.2.5-cp37-abi3-manylinux1_i686.whl", hash = "sha256:6ff76a814e1a1fbf492a380c5ace4e415a71bd71f40d250f1593517a31bcc504"},
    {file = "frida-16.2.5-cp37-abi3-manylinux1_x86_64.whl", hash = "sha256:9f05a10c63ce2ef2063e2288ac497c8be311c39664b658f4757003a3ff6a546b"},
    {file = "frida-16.2.5-cp37-abi3-manylinux2014_aarch64.whl", hash = "sha256:d0c6082a37c7814d45daddb9744febd52dba691e5c0ef5db2660e66e1b266b6e"},
    {file = "frida-16.2.5-cp37-abi3-manylinux2014_armv7l.whl", hash = "sha256:af2d6077aced6c47fe94014f5a0680e541c49897b030b383b8666acd70f015e0"},
    {file = "frida-16.2.5-cp37-abi3-manylinux_2_17_aarch64.whl", hash = "sha256:f53212a24fb190aa10738021f2f8e402ee305621f0bbc528b8de3ff1182d6d0c"},
    {file = "frida-16.2.5-cp37-abi3-manylinux_2_17_armv7l.whl", hash = "sha256:06779eb8e8412c407c55dd1476a18f43232a916dc5fc80dcf1247d2bc1ded553"},
    {file = "frida-16.2.5-cp37-abi3-manylinux_2_5_i686.whl", hash = "sha256:d3dfd8206f05e832c00163ba9630a007b0ad83a766225c72f3a3134b50f0d808"},
    {file = "frida-16.2.5-cp37-abi3-manylinux_2_5_x86_64.whl", hash = "sha256:3a1dcf378e370e58af76c8dff5ea93d3c59025193d493b69dc23c48170dafe65"},
    {file = "frida-16.2.5-cp37-abi3-win32.whl", hash = "sha256:6ee90623b2945964b72169a56de12a6d23996b1c93d4310ab3942060cca5e42e"},
    {file = "frida-16.2.5-cp37-abi3-win_amd64.whl", hash = "sha256:42650e5a0595e527cb8fd909e2b32b9d6601ac4dd23b0d051ea46241d13cd6a7"},
    {file = "frida-16.2.5.tar.gz", hash = "sha256:4804e136fd344bbd5d22fee10e38bcbd6762a6f388e36e5146c55ea64b8cbe52"},
]

[[package]]
name = "itsdangerous"
version = "2.2.0"
description = "Safely pass data to untrusted environments and back."
optional = true
python-versions = ">=3.8"
files = [
    {file = "itsdangerous-2.2.0-py3-none-any.whl", hash = "sha256:c6242fc49e35958c8b15141343aa660db5fc54d4f13a1db01a3f5891b98700ef"},
    {file = "itsdangerous-2.2.0.tar.gz", hash = "sha256:e0050c0b7da1eea53ffaf149c0cfbb5c6e2e2b69c4bef22c81fa6eb73e5f6173"},
]

[[package]]
name = "jinja2"
version = "3.1.4"
description = "A very fast and expressive template engine."
optional = true
python-versions = ">=3.7"
files = [
    {file = "jinja2-3.1.4-py3-none-any.whl", hash = "sha256:bc5dd2abb727a5319567b7a813e6a2e7318c39f4f487cfe6c89c6f9c7d25197d"},
    {file = "jinja2-3.1.4.tar.gz", hash = "sha256:4a3aee7acbbe7303aede8e9648d13b8bf88a429282aa6122a993f0ac800cb369"},
]

[package.dependencies]
MarkupSafe = ">=2.0"

[package.extras]
i18n = ["Babel (>=2.7)"]

[[package]]
name = "macholib"
version = "1.16.3"
description = "Mach-O header analysis and editing"
optional = false
python-versions = "*"
files = [
    {file = "macholib-1.16.3-py2.py3-none-any.whl", hash = "sha256:0e315d7583d38b8c77e815b1ecbdbf504a8258d8b3e17b61165c6feb60d18f2c"},
    {file = "macholib-1.16.3.tar.gz", hash = "sha256:07ae9e15e8e4cd9a788013d81f5908b3609aa76f9b1421bae9c4d7606ec86a30"},
]

[package.dependencies]
altgraph = ">=0.17"

[[package]]
name = "markupsafe"
version = "2.1.5"
description = "Safely add untrusted strings to HTML/XML markup."
optional = true
python-versions = ">=3.7"
files = [
    {file = "MarkupSafe-2.1.5-cp310-cp310-macosx_10_9_universal2.whl", hash = "sha256:a17a92de5231666cfbe003f0e4b9b3a7ae3afb1ec2845aadc2bacc93ff85febc"},
    {file = "MarkupSafe-2.1.5-cp310-cp310-macosx_10_9_x86_64.whl", hash = "sha256:72b6be590cc35924b02c78ef34b467da4ba07e4e0f0454a2c5907f473fc50ce5"},
    {file = "MarkupSafe-2.1.5-cp310-cp310-manylinux_2_17_aarch64.manylinux2014_aarch64.whl", hash = "sha256:e61659ba32cf2cf1481e575d0462554625196a1f2fc06a1c777d3f48e8865d46"},
    {file = "MarkupSafe-2.1.5-cp310-cp310-manylinux_2_17_x86_64.manylinux2014_x86_64.whl", hash = "sha256:2174c595a0d73a3080ca3257b40096db99799265e1c27cc5a610743acd86d62f"},
    {file = "MarkupSafe-2.1.5-cp310-cp310-manylinux_2_5_i686.manylinux1_i686.manylinux_2_17_i686.manylinux2014_i686.whl", hash = "sha256:ae2ad8ae6ebee9d2d94b17fb62763125f3f374c25618198f40cbb8b525411900"},
    {file = "MarkupSafe-2.1.5-cp310-cp310-musllinux_1_1_aarch64.whl", hash = "sha256:075202fa5b72c86ad32dc7d0b56024ebdbcf2048c0ba09f1cde31bfdd57bcfff"},
    {file = "MarkupSafe-2.1.5-cp310-cp310-musllinux_1_1_i686.whl", hash = "sha256:598e3276b64aff0e7b3451b72e94fa3c238d452e7ddcd893c3ab324717456bad"},
    {file = "MarkupSafe-2.1.5-cp310-cp310-musllinux_1_1_x86_64.whl", hash = "sha256:fce659a462a1be54d2ffcacea5e3ba2d74daa74f30f5f143fe0c58636e355fdd"},
    {file = "MarkupSafe-2.1.5-cp310-cp310-win32.whl", hash = "sha256:d9fad5155d72433c921b782e58892377c44bd6252b5af2f67f16b194987338a4"},
    {file = "MarkupSafe-2.1.5-cp310-cp310-win_amd64.whl", hash = "sha256:bf50cd79a75d181c9181df03572cdce0fbb75cc353bc350712073108cba98de5"},
    {file = "MarkupSafe-2.1.5-cp311-cp311-macosx_10_9_universal2.whl", hash = "sha256:629ddd2ca402ae6dbedfceeba9c46d5f7b2a61d9749597d4307f943ef198fc1f"},
    {file = "MarkupSafe-2.1.5-cp311-cp311-macosx_10_9_x86_64.whl", hash = "sha256:5b7b716f97b52c5a14bffdf688f971b2d5ef4029127f1ad7a513973cfd818df2"},
    {file = "MarkupSafe-2.1.5-cp311-cp311-manylinux_2_17_aarch64.manylinux2014_aarch64.whl", hash = "sha256:6ec585f69cec0aa07d945b20805be741395e28ac1627333b1c5b0105962ffced"},
    {file = "MarkupSafe-2.1.5-cp311-cp311-manylinux_2_17_x86_64.manylinux2014_x86_64.whl", hash = "sha256:b91c037585eba9095565a3556f611e3cbfaa42ca1e865f7b8015fe5c7336d5a5"},
    {file = "MarkupSafe-2.1.5-cp311-cp311-manylinux_2_5_i686.manylinux1_i686.manylinux_2_17_i686.manylinux2014_i686.whl", hash = "sha256:7502934a33b54030eaf1194c21c692a534196063db72176b0c4028e140f8f32c"},
    {file = "MarkupSafe-2.1.5-cp311-cp311-musllinux_1_1_aarch64.whl", hash = "sha256:0e397ac966fdf721b2c528cf028494e86172b4feba51d65f81ffd65c63798f3f"},
    {file = "MarkupSafe-2.1.5-cp311-cp311-musllinux_1_1_i686.whl", hash = "sha256:c061bb86a71b42465156a3ee7bd58c8c2ceacdbeb95d05a99893e08b8467359a"},
    {file = "MarkupSafe-2.1.5-cp311-cp311-musllinux_1_1_x86_64.whl", hash = "sha256:3a57fdd7ce31c7ff06cdfbf31dafa96cc533c21e443d57f5b1ecc6cdc668ec7f"},
    {file = "MarkupSafe-2.1.5-cp311-cp311-win32.whl", hash = "sha256:397081c1a0bfb5124355710fe79478cdbeb39626492b15d399526ae53422b906"},
    {file = "MarkupSafe-2.1.5-cp311-cp311-win_amd64.whl", hash = "sha256:2b7c57a4dfc4f16f7142221afe5ba4e093e09e728ca65c51f5620c9aaeb9a617"},
    {file = "MarkupSafe-2.1.5-cp312-cp312-macosx_10_9_universal2.whl", hash = "sha256:8dec4936e9c3100156f8a2dc89c4b88d5c435175ff03413b443469c7c8c5f4d1"},
    {file = "MarkupSafe-2.1.5-cp312-cp312-macosx_10_9_x86_64.whl", hash = "sha256:3c6b973f22eb18a789b1460b4b91bf04ae3f0c4234a0a6aa6b0a92f6f7b951d4"},
    {file = "MarkupSafe-2.1.5-cp312-cp312-manylinux_2_17_aarch64.manylinux2014_aarch64.whl", hash = "sha256:ac07bad82163452a6884fe8fa0963fb98c2346ba78d779ec06bd7a6262132aee"},
    {file = "MarkupSafe-2.1.5-cp312-cp312-manylinux_2_17_x86_64.manylinux2014_x86_64.whl", hash = "sha256:f5dfb42c4604dddc8e4305050aa6deb084540643ed5804d7455b5df8fe16f5e5"},
    {file = "MarkupSafe-2.1.5-cp312-cp312-manylinux_2_5_i686.manylinux1_i686.manylinux_2_17_i686.manylinux2014_i686.whl", hash = "sha256:ea3d8a3d18833cf4304cd2fc9cbb1efe188ca9b5efef2bdac7adc20594a0e46b"},
    {file = "MarkupSafe-2.1.5-cp312-cp312-musllinux_1_1_aarch64.whl", hash = "sha256:d050b3361367a06d752db6ead6e7edeb0009be66bc3bae0ee9d97fb326badc2a"},
    {file = "MarkupSafe-2.1.5-cp312-cp312-musllinux_1_1_i686.whl", hash = "sha256:bec0a414d016ac1a18862a519e54b2fd0fc8bbfd6890376898a6c0891dd82e9f"},
    {file = "MarkupSafe-2.1.5-cp312-cp312-musllinux_1_1_x86_64.whl", hash = "sha256:58c98fee265677f63a4385256a6d7683ab1832f3ddd1e66fe948d5880c21a169"},
    {file = "MarkupSafe-2.1.5-cp312-cp312-win32.whl", hash = "sha256:8590b4ae07a35970728874632fed7bd57b26b0102df2d2b233b6d9d82f6c62ad"},
    {file = "MarkupSafe-2.1.5-cp312-cp312-win_amd64.whl", hash = "sha256:823b65d8706e32ad2df51ed89496147a42a2a6e01c13cfb6ffb8b1e92bc910bb"},
    {file = "MarkupSafe-2.1.5-cp37-cp37m-macosx_10_9_x86_64.whl", hash = "sha256:c8b29db45f8fe46ad280a7294f5c3ec36dbac9491f2d1c17345be8e69cc5928f"},
    {file = "MarkupSafe-2.1.5-cp37-cp37m-manylinux_2_17_aarch64.manylinux2014_aarch64.whl", hash = "sha256:ec6a563cff360b50eed26f13adc43e61bc0c04d94b8be985e6fb24b81f6dcfdf"},
    {file = "MarkupSafe-2.1.5-cp37-cp37m-manylinux_2_17_x86_64.manylinux2014_x86_64.whl", hash = "sha256:a549b9c31bec33820e885335b451286e2969a2d9e24879f83fe904a5ce59d70a"},
    {file = "MarkupSafe-2.1.5-cp37-cp37m-manylinux_2_5_i686.manylinux1_i686.manylinux_2_17_i686.manylinux2014_i686.whl", hash = "sha256:4f11aa001c540f62c6166c7726f71f7573b52c68c31f014c25cc7901deea0b52"},
    {file = "MarkupSafe-2.1.5-cp37-cp37m-musllinux_1_1_aarch64.whl", hash = "sha256:7b2e5a267c855eea6b4283940daa6e88a285f5f2a67f2220203786dfa59b37e9"},
    {file = "MarkupSafe-2.1.5-cp37-cp37m-musllinux_1_1_i686.whl", hash = "sha256:2d2d793e36e230fd32babe143b04cec8a8b3eb8a3122d2aceb4a371e6b09b8df"},
    {file = "MarkupSafe-2.1.5-cp37-cp37m-musllinux_1_1_x86_64.whl", hash = "sha256:ce409136744f6521e39fd8e2a24c53fa18ad67aa5bc7c2cf83645cce5b5c4e50"},
    {file = "MarkupSafe-2.1.5-cp37-cp37m-win32.whl", hash = "sha256:4096e9de5c6fdf43fb4f04c26fb114f61ef0bf2e5604b6ee3019d51b69e8c371"},
    {file = "MarkupSafe-2.1.5-cp37-cp37m-win_amd64.whl", hash = "sha256:4275d846e41ecefa46e2015117a9f491e57a71ddd59bbead77e904dc02b1bed2"},
    {file = "MarkupSafe-2.1.5-cp38-cp38-macosx_10_9_universal2.whl", hash = "sha256:656f7526c69fac7f600bd1f400991cc282b417d17539a1b228617081106feb4a"},
    {file = "MarkupSafe-2.1.5-cp38-cp38-macosx_10_9_x86_64.whl", hash = "sha256:97cafb1f3cbcd3fd2b6fbfb99ae11cdb14deea0736fc2b0952ee177f2b813a46"},
    {file = "MarkupSafe-2.1.5-cp38-cp38-manylinux_2_17_aarch64.manylinux2014_aarch64.whl", hash = "sha256:1f3fbcb7ef1f16e48246f704ab79d79da8a46891e2da03f8783a5b6fa41a9532"},
    {file = "MarkupSafe-2.1.5-cp38-cp38-manylinux_2_17_x86_64.manylinux2014_x86_64.whl", hash = "sha256:fa9db3f79de01457b03d4f01b34cf91bc0048eb2c3846ff26f66687c2f6d16ab"},
    {file = "MarkupSafe-2.1.5-cp38-cp38-manylinux_2_5_i686.manylinux1_i686.manylinux_2_17_i686.manylinux2014_i686.whl", hash = "sha256:ffee1f21e5ef0d712f9033568f8344d5da8cc2869dbd08d87c84656e6a2d2f68"},
    {file = "MarkupSafe-2.1.5-cp38-cp38-musllinux_1_1_aarch64.whl", hash = "sha256:5dedb4db619ba5a2787a94d877bc8ffc0566f92a01c0ef214865e54ecc9ee5e0"},
    {file = "MarkupSafe-2.1.5-cp38-cp38-musllinux_1_1_i686.whl", hash = "sha256:30b600cf0a7ac9234b2638fbc0fb6158ba5bdcdf46aeb631ead21248b9affbc4"},
    {file = "MarkupSafe-2.1.5-cp38-cp38-musllinux_1_1_x86_64.whl", hash = "sha256:8dd717634f5a044f860435c1d8c16a270ddf0ef8588d4887037c5028b859b0c3"},
    {file = "MarkupSafe-2.1.5-cp38-cp38-win32.whl", hash = "sha256:daa4ee5a243f0f20d528d939d06670a298dd39b1ad5f8a72a4275124a7819eff"},
    {file = "MarkupSafe-2.1.5-cp38-cp38-win_amd64.whl", hash = "sha256:619bc166c4f2de5caa5a633b8b7326fbe98e0ccbfacabd87268a2b15ff73a029"},
    {file = "MarkupSafe-2.1.5-cp39-cp39-macosx_10_9_universal2.whl", hash = "sha256:7a68b554d356a91cce1236aa7682dc01df0edba8d043fd1ce607c49dd3c1edcf"},
    {file = "MarkupSafe-2.1.5-cp39-cp39-macosx_10_9_x86_64.whl", hash = "sha256:db0b55e0f3cc0be60c1f19efdde9a637c32740486004f20d1cff53c3c0ece4d2"},
    {file = "MarkupSafe-2.1.5-cp39-cp39-manylinux_2_17_aarch64.manylinux2014_aarch64.whl", hash = "sha256:3e53af139f8579a6d5f7b76549125f0d94d7e630761a2111bc431fd820e163b8"},
    {file = "MarkupSafe-2.1.5-cp39-cp39-manylinux_2_17_x86_64.manylinux2014_x86_64.whl", hash = "sha256:17b950fccb810b3293638215058e432159d2b71005c74371d784862b7e4683f3"},
    {file = "MarkupSafe-2.1.5-cp39-cp39-manylinux_2_5_i686.manylinux1_i686.manylinux_2_17_i686.manylinux2014_i686.whl", hash = "sha256:4c31f53cdae6ecfa91a77820e8b151dba54ab528ba65dfd235c80b086d68a465"},
    {file = "MarkupSafe-2.1.5-cp39-cp39-musllinux_1_1_aarch64.whl", hash = "sha256:bff1b4290a66b490a2f4719358c0cdcd9bafb6b8f061e45c7a2460866bf50c2e"},
    {file = "MarkupSafe-2.1.5-cp39-cp39-musllinux_1_1_i686.whl", hash = "sha256:bc1667f8b83f48511b94671e0e441401371dfd0f0a795c7daa4a3cd1dde55bea"},
    {file = "MarkupSafe-2.1.5-cp39-cp39-musllinux_1_1_x86_64.whl", hash = "sha256:5049256f536511ee3f7e1b3f87d1d1209d327e818e6ae1365e8653d7e3abb6a6"},
    {file = "MarkupSafe-2.1.5-cp39-cp39-win32.whl", hash = "sha256:00e046b6dd71aa03a41079792f8473dc494d564611a8f89bbbd7cb93295ebdcf"},
    {file = "MarkupSafe-2.1.5-cp39-cp39-win_amd64.whl", hash = "sha256:fa173ec60341d6bb97a89f5ea19c85c5643c1e7dedebc22f5181eb73573142c5"},
    {file = "MarkupSafe-2.1.5.tar.gz", hash = "sha256:d283d37a890ba4c1ae73ffadf8046435c76e7bc2247bbb63c00bd1a709c6544b"},
]

[[package]]
name = "packaging"
version = "24.0"
description = "Core utilities for Python packages"
optional = false
python-versions = ">=3.7"
files = [
    {file = "packaging-24.0-py3-none-any.whl", hash = "sha256:2ddfb553fdf02fb784c234c7ba6ccc288296ceabec964ad2eae3777778130bc5"},
    {file = "packaging-24.0.tar.gz", hash = "sha256:eb82c5e3e56209074766e6885bb04b8c38a0c015d0a30036ebe7ece34c9989e9"},
]

[[package]]
name = "pefile"
version = "2023.2.7"
description = "Python PE parsing module"
optional = false
python-versions = ">=3.6.0"
files = [
    {file = "pefile-2023.2.7-py3-none-any.whl", hash = "sha256:da185cd2af68c08a6cd4481f7325ed600a88f6a813bad9dea07ab3ef73d8d8d6"},
    {file = "pefile-2023.2.7.tar.gz", hash = "sha256:82e6114004b3d6911c77c3953e3838654b04511b8b66e8583db70c65998017dc"},
]

[[package]]
name = "pilk"
version = "0.2.4"
description = "python silk voice library"
optional = true
python-versions = ">=3.6"
files = [
    {file = "pilk-0.2.4-cp310-cp310-win_amd64.whl", hash = "sha256:1e9d4a4f9dbc28f8b753babb70533007043b01cb7005915c956e670613ddaa2b"},
    {file = "pilk-0.2.4-cp311-cp311-win_amd64.whl", hash = "sha256:a6692096607e8d77d348aeec00df633788c85b527aa83cbd803ddf508936db7f"},
    {file = "pilk-0.2.4-cp36-cp36m-win_amd64.whl", hash = "sha256:df3a219ae1f1cd4a640d3e6570b53616df7150a331a143246b46d49f3232e11e"},
    {file = "pilk-0.2.4-cp37-cp37m-win_amd64.whl", hash = "sha256:b9b40f49e0dedc1cb5501e13ed17b3bdaa7c6733bd871a22a063e7aa472cd2ef"},
    {file = "pilk-0.2.4-cp38-cp38-win_amd64.whl", hash = "sha256:163af75478a7560b40549e7b0c58c83f9b88399deb3f301f6f763a617db0ae92"},
    {file = "pilk-0.2.4-cp39-cp39-win_amd64.whl", hash = "sha256:3730c51fc0bf96214df98006d3f0822a17c1b634506c801e66dc025bb41a2664"},
    {file = "pilk-0.2.4.tar.gz", hash = "sha256:d4a1bcf93dc6ef5e95e0cfd728ed4ef4d49f9c0476d70816fecbe456cc762e7f"},
]

[package.dependencies]
typing-extensions = "*"

[[package]]
name = "protobuf"
version = "5.27.0"
description = ""
optional = true
python-versions = ">=3.8"
files = [
    {file = "protobuf-5.27.0-cp310-abi3-win32.whl", hash = "sha256:2f83bf341d925650d550b8932b71763321d782529ac0eaf278f5242f513cc04e"},
    {file = "protobuf-5.27.0-cp310-abi3-win_amd64.whl", hash = "sha256:b276e3f477ea1eebff3c2e1515136cfcff5ac14519c45f9b4aa2f6a87ea627c4"},
    {file = "protobuf-5.27.0-cp38-abi3-macosx_10_9_universal2.whl", hash = "sha256:744489f77c29174328d32f8921566fb0f7080a2f064c5137b9d6f4b790f9e0c1"},
    {file = "protobuf-5.27.0-cp38-abi3-manylinux2014_aarch64.whl", hash = "sha256:f51f33d305e18646f03acfdb343aac15b8115235af98bc9f844bf9446573827b"},
    {file = "protobuf-5.27.0-cp38-abi3-manylinux2014_x86_64.whl", hash = "sha256:56937f97ae0dcf4e220ff2abb1456c51a334144c9960b23597f044ce99c29c89"},
    {file = "protobuf-5.27.0-cp38-cp38-win32.whl", hash = "sha256:a17f4d664ea868102feaa30a674542255f9f4bf835d943d588440d1f49a3ed15"},
    {file = "protobuf-5.27.0-cp38-cp38-win_amd64.whl", hash = "sha256:aabbbcf794fbb4c692ff14ce06780a66d04758435717107c387f12fb477bf0d8"},
    {file = "protobuf-5.27.0-cp39-cp39-win32.whl", hash = "sha256:587be23f1212da7a14a6c65fd61995f8ef35779d4aea9e36aad81f5f3b80aec5"},
    {file = "protobuf-5.27.0-cp39-cp39-win_amd64.whl", hash = "sha256:7cb65fc8fba680b27cf7a07678084c6e68ee13cab7cace734954c25a43da6d0f"},
    {file = "protobuf-5.27.0-py3-none-any.whl", hash = "sha256:673ad60f1536b394b4fa0bcd3146a4130fcad85bfe3b60eaa86d6a0ace0fa374"},
    {file = "protobuf-5.27.0.tar.gz", hash = "sha256:07f2b9a15255e3cf3f137d884af7972407b556a7a220912b252f26dc3121e6bf"},
]

[[package]]
name = "pyasn1"
version = "0.6.0"
description = "Pure-Python implementation of ASN.1 types and DER/BER/CER codecs (X.208)"
optional = true
python-versions = ">=3.8"
files = [
    {file = "pyasn1-0.6.0-py2.py3-none-any.whl", hash = "sha256:cca4bb0f2df5504f02f6f8a775b6e416ff9b0b3b16f7ee80b5a3153d9b804473"},
    {file = "pyasn1-0.6.0.tar.gz", hash = "sha256:3a35ab2c4b5ef98e17dfdec8ab074046fbda76e281c5a706ccd82328cfc8f64c"},
]

[[package]]
name = "pyinstaller"
version = "4.5.1"
description = "PyInstaller bundles a Python application and all its dependencies into a single package."
optional = false
python-versions = ">=3.6"
files = [
    {file = "pyinstaller-4.5.1-py3-none-macosx_10_13_universal2.whl", hash = "sha256:ecc2baadeeefd2b6fbf39d13c65d4aa603afdda1c6aaaebc4577ba72893fee9e"},
    {file = "pyinstaller-4.5.1-py3-none-manylinux2014_aarch64.whl", hash = "sha256:4d848cd782ee0893d7ad9fe2bfe535206a79f0b6760cecc5f2add831258b9322"},
    {file = "pyinstaller-4.5.1-py3-none-manylinux2014_i686.whl", hash = "sha256:8f747b190e6ad30e2d2fd5da9a64636f61aac8c038c0b7f685efa92c782ea14f"},
    {file = "pyinstaller-4.5.1-py3-none-manylinux2014_x86_64.whl", hash = "sha256:c587da8f521a7ce1b9efb4e3d0117cd63c92dc6cedff24590aeef89372f53012"},
    {file = "pyinstaller-4.5.1-py3-none-win32.whl", hash = "sha256:fed9f5e4802769a416a8f2ca171c6be961d1861cc05a0b71d20dfe05423137e9"},
    {file = "pyinstaller-4.5.1-py3-none-win_amd64.whl", hash = "sha256:aae456205c68355f9597411090576bb31b614e53976b4c102d072bbe5db8392a"},
    {file = "pyinstaller-4.5.1.tar.gz", hash = "sha256:30733baaf8971902286a0ddf77e5499ac5f7bf8e7c39163e83d4f8c696ef265e"},
]

[package.dependencies]
altgraph = "*"
macholib = {version = ">=1.8", markers = "sys_platform == \"darwin\""}
pefile = {version = ">=2017.8.1", markers = "sys_platform == \"win32\""}
pyinstaller-hooks-contrib = ">=2020.6"
pywin32-ctypes = {version = ">=0.2.0", markers = "sys_platform == \"win32\""}
setuptools = "*"

[package.extras]
encryption = ["tinyaes (>=1.0.0)"]
hook-testing = ["execnet (>=1.5.0)", "psutil", "pytest (>=2.7.3)"]

[[package]]
name = "pyinstaller-hooks-contrib"
version = "2024.6"
description = "Community maintained hooks for PyInstaller"
optional = false
python-versions = ">=3.7"
files = [
    {file = "pyinstaller_hooks_contrib-2024.6-py2.py3-none-any.whl", hash = "sha256:6cc88dad75261d9e1a7e0c6385139f35dcdbb16640c911a27f6078fe924a38cf"},
    {file = "pyinstaller_hooks_contrib-2024.6.tar.gz", hash = "sha256:3c188b3a79f5cd46d96520df3934642556a1b6ce8988ec5bbce820ada424bc2b"},
]

[package.dependencies]
packaging = ">=22.0"
setuptools = ">=42.0.0"

[[package]]
name = "pywin32-ctypes"
version = "0.2.2"
description = "A (partial) reimplementation of pywin32 using ctypes/cffi"
optional = false
python-versions = ">=3.6"
files = [
    {file = "pywin32-ctypes-0.2.2.tar.gz", hash = "sha256:3426e063bdd5fd4df74a14fa3cf80a0b42845a87e1d1e81f6549f9daec593a60"},
    {file = "pywin32_ctypes-0.2.2-py3-none-any.whl", hash = "sha256:bf490a1a709baf35d688fe0ecf980ed4de11d2b3e37b51e5442587a75d9957e7"},
]

[[package]]
name = "rotki-pysqlcipher3"
version = "2024.1.2"
description = "DB-API 2.0 interface for SQLCIPHER 4.x"
optional = true
python-versions = ">=3.3"
files = [
    {file = "rotki-pysqlcipher3-2024.1.2.tar.gz", hash = "sha256:53326b0dba314e18dad0eebe6020d0e728e9228fead57ca0111b882f0c8ff722"},
    {file = "rotki_pysqlcipher3-2024.1.2-cp311-cp311-macosx_10_9_universal2.whl", hash = "sha256:ab0e87bc3a68d6d76f9bd67654fde4b2894ad54075c0a3130682ce40cd08c1d4"},
    {file = "rotki_pysqlcipher3-2024.1.2-cp311-cp311-macosx_10_9_x86_64.whl", hash = "sha256:3b4ccda9a2fc1c143e29aa2b9a12f39cb5ec24cc046b1cb352eed8281e9f7b0f"},
    {file = "rotki_pysqlcipher3-2024.1.2-cp311-cp311-macosx_11_0_arm64.whl", hash = "sha256:8fc4f8c83337ec64fabd0d78a77f3f2fd5096e6de2a238198e35d445194334e0"},
    {file = "rotki_pysqlcipher3-2024.1.2-cp311-cp311-manylinux_2_17_aarch64.manylinux2014_aarch64.whl", hash = "sha256:12dbec8ba99ab36803fed000861e8945eb45bd9377fb5537bb3dfbf4ee4e4aba"},
    {file = "rotki_pysqlcipher3-2024.1.2-cp311-cp311-manylinux_2_17_x86_64.manylinux2014_x86_64.whl", hash = "sha256:cf8209646428f107d12bd6ee41145ba36433adeb19a252c008f14e7580b10f05"},
    {file = "rotki_pysqlcipher3-2024.1.2-cp311-cp311-win_amd64.whl", hash = "sha256:cd7a2c9fe3c6d6811d62e8176fe652e594109c56a170c733524d269659aa0d31"},
]

[[package]]
name = "rsa"
version = "4.9"
description = "Pure-Python RSA implementation"
optional = true
python-versions = ">=3.6,<4"
files = [
    {file = "rsa-4.9-py3-none-any.whl", hash = "sha256:90260d9058e514786967344d0ef75fa8727eed8a7d2e43ce9f4bcf1b536174f7"},
    {file = "rsa-4.9.tar.gz", hash = "sha256:e38464a49c6c85d7f1351b0126661487a7e0a14a50f1675ec50eb34d4f20ef21"},
]

[package.dependencies]
pyasn1 = ">=0.1.3"

[[package]]
name = "setuptools"
version = "70.0.0"
description = "Easily download, build, install, upgrade, and uninstall Python packages"
optional = false
python-versions = ">=3.8"
files = [
    {file = "setuptools-70.0.0-py3-none-any.whl", hash = "sha256:54faa7f2e8d2d11bcd2c07bed282eef1046b5c080d1c32add737d7b5817b1ad4"},
    {file = "setuptools-70.0.0.tar.gz", hash = "sha256:f211a66637b8fa059bb28183da127d4e86396c991a942b028c6650d4319c3fd0"},
]

[package.extras]
docs = ["furo", "jaraco.packaging (>=9.3)", "jaraco.tidelift (>=1.4)", "pygments-github-lexers (==0.0.5)", "pyproject-hooks (!=1.1)", "rst.linker (>=1.9)", "sphinx (>=3.5)", "sphinx-favicon", "sphinx-inline-tabs", "sphinx-lint", "sphinx-notfound-page (>=1,<2)", "sphinx-reredirects", "sphinxcontrib-towncrier"]
testing = ["build[virtualenv] (>=1.0.3)", "filelock (>=3.4.0)", "importlib-metadata", "ini2toml[lite] (>=0.14)", "jaraco.develop (>=7.21)", "jaraco.envs (>=2.2)", "jaraco.path (>=3.2.0)", "mypy (==1.9)", "packaging (>=23.2)", "pip (>=19.1)", "pyproject-hooks (!=1.1)", "pytest (>=6,!=8.1.1)", "pytest-checkdocs (>=2.4)", "pytest-cov", "pytest-enabler (>=2.2)", "pytest-home (>=0.5)", "pytest-mypy", "pytest-perf", "pytest-ruff (>=0.2.1)", "pytest-subprocess", "pytest-timeout", "pytest-xdist (>=3)", "tomli", "tomli-w (>=1.0.0)", "virtualenv (>=13.0.0)", "wheel"]

[[package]]
name = "six"
version = "1.16.0"
description = "Python 2 and 3 compatibility utilities"
optional = true
python-versions = ">=2.7, !=3.0.*, !=3.1.*, !=3.2.*"
files = [
    {file = "six-1.16.0-py2.py3-none-any.whl", hash = "sha256:8abb2f1d86890a2dfb989f9a77cfcfd3e47c2a354b01111771326f8aa26e0254"},
    {file = "six-1.16.0.tar.gz", hash = "sha256:1e61c37477a1626458e36f7b1d82aa5c9b094fa4802892072e49de9c60c4c926"},
]

[[package]]
name = "typing-extensions"
version = "4.12.0"
description = "Backported and Experimental Type Hints for Python 3.8+"
optional = true
python-versions = ">=3.8"
files = [
    {file = "typing_extensions-4.12.0-py3-none-any.whl", hash = "sha256:b349c66bea9016ac22978d800cfff206d5f9816951f12a7d0ec5578b0a819594"},
    {file = "typing_extensions-4.12.0.tar.gz", hash = "sha256:8cbcdc8606ebcb0d95453ad7dc5065e6237b6aa230a31e81d0f440c30fed5fd8"},
]

[[package]]
name = "uttlv"
version = "0.7.1"
description = "Python Library for TLV objects"
optional = true
python-versions = ">=3.7,<4.0"
files = [
    {file = "uttlv-0.7.1-py3-none-any.whl", hash = "sha256:0729452afa2de5531e1d624c382ac44c72c6aecb1de1acd249a1bed74aafc72c"},
    {file = "uttlv-0.7.1.tar.gz", hash = "sha256:68c39b83383ca93a1e229ed1bdefb648cab49e272bff05803004bf80392ae5a7"},
]

[[package]]
name = "werkzeug"
version = "3.0.3"
description = "The comprehensive WSGI web application library."
optional = true
python-versions = ">=3.8"
files = [
    {file = "werkzeug-3.0.3-py3-none-any.whl", hash = "sha256:fc9645dc43e03e4d630d23143a04a7f947a9a3b5727cd535fdfe155a17cc48c8"},
    {file = "werkzeug-3.0.3.tar.gz", hash = "sha256:097e5bfda9f0aba8da6b8545146def481d06aa7d3266e7448e2cccf67dd8bd18"},
]

[package.dependencies]
MarkupSafe = ">=2.1.1"

[package.extras]
watchdog = ["watchdog (>=2.3)"]

[extras]
convert-audio = ["av", "pilk"]
encrypt-submit-data = ["rsa"]
frida = ["frida"]
qq-android = ["protobuf"]
qq-nt = ["bbpb", "rotki-pysqlcipher3"]
qq-windows = ["uttlv"]
webui = ["flask"]
wechat = ["protobuf"]

[metadata]
lock-version = "2.0"
python-versions = "^3.11"
content-hash = "97f0257646301407864f1142e05cf279dea59ff7311272207b250045c30f36bf"
